
Microsoft Visual Studio Solution File, Format Version 11.00
# Visual Studio 2010
# SharpDevelop 4.4
Project("{FD48973F-F585-4F70-812B-4D0503B36CE9}") = "pro 54b", "pro 54b\pro 54b.pyproj", "{2E02D43E-DCD5-48E1-BDBF-13EA6A989FDC}"
EndProject
Global
	GlobalSection(SolutionConfigurationPlatforms) = preSolution
		Debug|Any CPU = Debug|Any CPU
		Release|Any CPU = Release|Any CPU
	EndGlobalSection
	GlobalSection(ProjectConfigurationPlatforms) = postSolution
		{2E02D43E-DCD5-48E1-BDBF-13EA6A989FDC}.Debug|Any CPU.Build.0 = Debug|Any CPU
		{2E02D43E-DCD5-48E1-BDBF-13EA6A989FDC}.Debug|Any CPU.ActiveCfg = Debug|Any CPU
		{2E02D43E-DCD5-48E1-BDBF-13EA6A989FDC}.Release|Any CPU.Build.0 = Release|Any CPU
		{2E02D43E-DCD5-48E1-BDBF-13EA6A989FDC}.Release|Any CPU.ActiveCfg = Release|Any CPU
	EndGlobalSection
EndGlobal
