
Microsoft Visual Studio Solution File, Format Version 11.00
# Visual Studio 2010
# SharpDevelop 4.4
Project("{FD48973F-F585-4F70-812B-4D0503B36CE9}") = "LP 4-2 Script", "LP 4-2 Script\LP 4-2 Script.pyproj", "{3D9D0913-1C68-45F0-843A-F84646ED35D4}"
EndProject
Global
	GlobalSection(SolutionConfigurationPlatforms) = preSolution
		Debug|Any CPU = Debug|Any CPU
		Release|Any CPU = Release|Any CPU
	EndGlobalSection
	GlobalSection(ProjectConfigurationPlatforms) = postSolution
		{3D9D0913-1C68-45F0-843A-F84646ED35D4}.Debug|Any CPU.Build.0 = Debug|Any CPU
		{3D9D0913-1C68-45F0-843A-F84646ED35D4}.Debug|Any CPU.ActiveCfg = Debug|Any CPU
		{3D9D0913-1C68-45F0-843A-F84646ED35D4}.Release|Any CPU.Build.0 = Release|Any CPU
		{3D9D0913-1C68-45F0-843A-F84646ED35D4}.Release|Any CPU.ActiveCfg = Release|Any CPU
	EndGlobalSection
EndGlobal
