
Microsoft Visual Studio Solution File, Format Version 11.00
# Visual Studio 2010
# SharpDevelop 4.4
Project("{FD48973F-F585-4F70-812B-4D0503B36CE9}") = "land 82", "land 82\land 82.pyproj", "{8270E992-4829-4210-9EAF-93E7CC9D817F}"
EndProject
Global
	GlobalSection(SolutionConfigurationPlatforms) = preSolution
		Debug|Any CPU = Debug|Any CPU
		Release|Any CPU = Release|Any CPU
	EndGlobalSection
	GlobalSection(ProjectConfigurationPlatforms) = postSolution
		{8270E992-4829-4210-9EAF-93E7CC9D817F}.Debug|Any CPU.Build.0 = Debug|Any CPU
		{8270E992-4829-4210-9EAF-93E7CC9D817F}.Debug|Any CPU.ActiveCfg = Debug|Any CPU
		{8270E992-4829-4210-9EAF-93E7CC9D817F}.Release|Any CPU.Build.0 = Release|Any CPU
		{8270E992-4829-4210-9EAF-93E7CC9D817F}.Release|Any CPU.ActiveCfg = Release|Any CPU
	EndGlobalSection
EndGlobal
