
Microsoft Visual Studio Solution File, Format Version 11.00
# Visual Studio 2010
# SharpDevelop 4.4
Project("{FD48973F-F585-4F70-812B-4D0503B36CE9}") = "prog 152a", "prog 152a\prog 152a.pyproj", "{02D7F919-A893-4E95-A0A9-3ED7D7C6B51A}"
EndProject
Global
	GlobalSection(SolutionConfigurationPlatforms) = preSolution
		Debug|Any CPU = Debug|Any CPU
		Release|Any CPU = Release|Any CPU
	EndGlobalSection
	GlobalSection(ProjectConfigurationPlatforms) = postSolution
		{02D7F919-A893-4E95-A0A9-3ED7D7C6B51A}.Debug|Any CPU.Build.0 = Debug|Any CPU
		{02D7F919-A893-4E95-A0A9-3ED7D7C6B51A}.Debug|Any CPU.ActiveCfg = Debug|Any CPU
		{02D7F919-A893-4E95-A0A9-3ED7D7C6B51A}.Release|Any CPU.Build.0 = Release|Any CPU
		{02D7F919-A893-4E95-A0A9-3ED7D7C6B51A}.Release|Any CPU.ActiveCfg = Release|Any CPU
	EndGlobalSection
EndGlobal
