
Microsoft Visual Studio Solution File, Format Version 11.00
# Visual Studio 2010
# SharpDevelop 4.4
Project("{FD48973F-F585-4F70-812B-4D0503B36CE9}") = "pro 54c", "pro 54c\pro 54c.pyproj", "{1016C2DF-A203-4ED8-96B0-094FF39B5886}"
EndProject
Global
	GlobalSection(SolutionConfigurationPlatforms) = preSolution
		Debug|Any CPU = Debug|Any CPU
		Release|Any CPU = Release|Any CPU
	EndGlobalSection
	GlobalSection(ProjectConfigurationPlatforms) = postSolution
		{1016C2DF-A203-4ED8-96B0-094FF39B5886}.Debug|Any CPU.Build.0 = Debug|Any CPU
		{1016C2DF-A203-4ED8-96B0-094FF39B5886}.Debug|Any CPU.ActiveCfg = Debug|Any CPU
		{1016C2DF-A203-4ED8-96B0-094FF39B5886}.Release|Any CPU.Build.0 = Release|Any CPU
		{1016C2DF-A203-4ED8-96B0-094FF39B5886}.Release|Any CPU.ActiveCfg = Release|Any CPU
	EndGlobalSection
EndGlobal
