
Microsoft Visual Studio Solution File, Format Version 11.00
# Visual Studio 2010
# SharpDevelop 4.4
Project("{FD48973F-F585-4F70-812B-4D0503B36CE9}") = "Phone_Numbers", "Phone_Numbers\Phone_Numbers.pyproj", "{D07AA5D2-BD15-4550-9099-C366751A2AED}"
EndProject
Global
	GlobalSection(SolutionConfigurationPlatforms) = preSolution
		Debug|Any CPU = Debug|Any CPU
		Release|Any CPU = Release|Any CPU
	EndGlobalSection
	GlobalSection(ProjectConfigurationPlatforms) = postSolution
		{D07AA5D2-BD15-4550-9099-C366751A2AED}.Debug|Any CPU.Build.0 = Debug|Any CPU
		{D07AA5D2-BD15-4550-9099-C366751A2AED}.Debug|Any CPU.ActiveCfg = Debug|Any CPU
		{D07AA5D2-BD15-4550-9099-C366751A2AED}.Release|Any CPU.Build.0 = Release|Any CPU
		{D07AA5D2-BD15-4550-9099-C366751A2AED}.Release|Any CPU.ActiveCfg = Release|Any CPU
	EndGlobalSection
EndGlobal
