
Microsoft Visual Studio Solution File, Format Version 11.00
# Visual Studio 2010
# SharpDevelop 4.4
Project("{FD48973F-F585-4F70-812B-4D0503B36CE9}") = "lang 58b", "lang 58b\lang 58b.pyproj", "{870AFA2E-2CCB-4E0F-8322-84C70D832D58}"
EndProject
Global
	GlobalSection(SolutionConfigurationPlatforms) = preSolution
		Debug|Any CPU = Debug|Any CPU
		Release|Any CPU = Release|Any CPU
	EndGlobalSection
	GlobalSection(ProjectConfigurationPlatforms) = postSolution
		{870AFA2E-2CCB-4E0F-8322-84C70D832D58}.Debug|Any CPU.Build.0 = Debug|Any CPU
		{870AFA2E-2CCB-4E0F-8322-84C70D832D58}.Debug|Any CPU.ActiveCfg = Debug|Any CPU
		{870AFA2E-2CCB-4E0F-8322-84C70D832D58}.Release|Any CPU.Build.0 = Release|Any CPU
		{870AFA2E-2CCB-4E0F-8322-84C70D832D58}.Release|Any CPU.ActiveCfg = Release|Any CPU
	EndGlobalSection
EndGlobal
