
Microsoft Visual Studio Solution File, Format Version 11.00
# Visual Studio 2010
# SharpDevelop 4.4
Project("{FD48973F-F585-4F70-812B-4D0503B36CE9}") = "simple calc", "simple calc\simple calc.pyproj", "{B301B514-9498-4F6B-99F8-CA03E0C84088}"
EndProject
Global
	GlobalSection(SolutionConfigurationPlatforms) = preSolution
		Debug|Any CPU = Debug|Any CPU
		Release|Any CPU = Release|Any CPU
	EndGlobalSection
	GlobalSection(ProjectConfigurationPlatforms) = postSolution
		{B301B514-9498-4F6B-99F8-CA03E0C84088}.Debug|Any CPU.Build.0 = Debug|Any CPU
		{B301B514-9498-4F6B-99F8-CA03E0C84088}.Debug|Any CPU.ActiveCfg = Debug|Any CPU
		{B301B514-9498-4F6B-99F8-CA03E0C84088}.Release|Any CPU.Build.0 = Release|Any CPU
		{B301B514-9498-4F6B-99F8-CA03E0C84088}.Release|Any CPU.ActiveCfg = Release|Any CPU
	EndGlobalSection
EndGlobal
