
Microsoft Visual Studio Solution File, Format Version 11.00
# Visual Studio 2010
# SharpDevelop 4.4
Project("{FD48973F-F585-4F70-812B-4D0503B36CE9}") = "lp4-1", "lp4-1\lp4-1.pyproj", "{F138BAF1-88CF-4B28-8179-6DF0C198729C}"
EndProject
Global
	GlobalSection(SolutionConfigurationPlatforms) = preSolution
		Debug|Any CPU = Debug|Any CPU
		Release|Any CPU = Release|Any CPU
	EndGlobalSection
	GlobalSection(ProjectConfigurationPlatforms) = postSolution
		{F138BAF1-88CF-4B28-8179-6DF0C198729C}.Debug|Any CPU.Build.0 = Debug|Any CPU
		{F138BAF1-88CF-4B28-8179-6DF0C198729C}.Debug|Any CPU.ActiveCfg = Debug|Any CPU
		{F138BAF1-88CF-4B28-8179-6DF0C198729C}.Release|Any CPU.Build.0 = Release|Any CPU
		{F138BAF1-88CF-4B28-8179-6DF0C198729C}.Release|Any CPU.ActiveCfg = Release|Any CPU
	EndGlobalSection
EndGlobal
