
Microsoft Visual Studio Solution File, Format Version 11.00
# Visual Studio 2010
# SharpDevelop 4.4
Project("{FD48973F-F585-4F70-812B-4D0503B36CE9}") = "pro 122b", "pro 122b\pro 122b.pyproj", "{7B9BE9F8-6BA8-4635-B51A-37677897A260}"
EndProject
Global
	GlobalSection(SolutionConfigurationPlatforms) = preSolution
		Debug|Any CPU = Debug|Any CPU
		Release|Any CPU = Release|Any CPU
	EndGlobalSection
	GlobalSection(ProjectConfigurationPlatforms) = postSolution
		{7B9BE9F8-6BA8-4635-B51A-37677897A260}.Debug|Any CPU.Build.0 = Debug|Any CPU
		{7B9BE9F8-6BA8-4635-B51A-37677897A260}.Debug|Any CPU.ActiveCfg = Debug|Any CPU
		{7B9BE9F8-6BA8-4635-B51A-37677897A260}.Release|Any CPU.Build.0 = Release|Any CPU
		{7B9BE9F8-6BA8-4635-B51A-37677897A260}.Release|Any CPU.ActiveCfg = Release|Any CPU
	EndGlobalSection
EndGlobal
