
Microsoft Visual Studio Solution File, Format Version 11.00
# Visual Studio 2010
# SharpDevelop 4.4
Project("{FD48973F-F585-4F70-812B-4D0503B36CE9}") = "Favorite Club", "Favorite Club\Favorite Club.pyproj", "{6C674D03-EB5A-4E5D-AD6D-64D5E27845E5}"
EndProject
Global
	GlobalSection(SolutionConfigurationPlatforms) = preSolution
		Debug|Any CPU = Debug|Any CPU
		Release|Any CPU = Release|Any CPU
	EndGlobalSection
	GlobalSection(ProjectConfigurationPlatforms) = postSolution
		{6C674D03-EB5A-4E5D-AD6D-64D5E27845E5}.Debug|Any CPU.Build.0 = Debug|Any CPU
		{6C674D03-EB5A-4E5D-AD6D-64D5E27845E5}.Debug|Any CPU.ActiveCfg = Debug|Any CPU
		{6C674D03-EB5A-4E5D-AD6D-64D5E27845E5}.Release|Any CPU.Build.0 = Release|Any CPU
		{6C674D03-EB5A-4E5D-AD6D-64D5E27845E5}.Release|Any CPU.ActiveCfg = Release|Any CPU
	EndGlobalSection
EndGlobal
