
Microsoft Visual Studio Solution File, Format Version 11.00
# Visual Studio 2010
# SharpDevelop 4.4
Project("{FD48973F-F585-4F70-812B-4D0503B36CE9}") = "lang 93a", "lang 93a\lang 93a.pyproj", "{7C006E56-39CE-4506-99ED-B02046165202}"
EndProject
Global
	GlobalSection(SolutionConfigurationPlatforms) = preSolution
		Debug|Any CPU = Debug|Any CPU
		Release|Any CPU = Release|Any CPU
	EndGlobalSection
	GlobalSection(ProjectConfigurationPlatforms) = postSolution
		{7C006E56-39CE-4506-99ED-B02046165202}.Debug|Any CPU.Build.0 = Debug|Any CPU
		{7C006E56-39CE-4506-99ED-B02046165202}.Debug|Any CPU.ActiveCfg = Debug|Any CPU
		{7C006E56-39CE-4506-99ED-B02046165202}.Release|Any CPU.Build.0 = Release|Any CPU
		{7C006E56-39CE-4506-99ED-B02046165202}.Release|Any CPU.ActiveCfg = Release|Any CPU
	EndGlobalSection
EndGlobal
