
Microsoft Visual Studio Solution File, Format Version 11.00
# Visual Studio 2010
# SharpDevelop 4.4
Project("{FD48973F-F585-4F70-812B-4D0503B36CE9}") = "Pro 56B", "Pro 56B\Pro 56B.pyproj", "{EE7B17E3-57C2-40EE-9906-BA6CF7BC7DEF}"
EndProject
Global
	GlobalSection(SolutionConfigurationPlatforms) = preSolution
		Debug|Any CPU = Debug|Any CPU
		Release|Any CPU = Release|Any CPU
	EndGlobalSection
	GlobalSection(ProjectConfigurationPlatforms) = postSolution
		{EE7B17E3-57C2-40EE-9906-BA6CF7BC7DEF}.Debug|Any CPU.Build.0 = Debug|Any CPU
		{EE7B17E3-57C2-40EE-9906-BA6CF7BC7DEF}.Debug|Any CPU.ActiveCfg = Debug|Any CPU
		{EE7B17E3-57C2-40EE-9906-BA6CF7BC7DEF}.Release|Any CPU.Build.0 = Release|Any CPU
		{EE7B17E3-57C2-40EE-9906-BA6CF7BC7DEF}.Release|Any CPU.ActiveCfg = Release|Any CPU
	EndGlobalSection
EndGlobal
