
Microsoft Visual Studio Solution File, Format Version 11.00
# Visual Studio 2010
# SharpDevelop 4.4
Project("{FD48973F-F585-4F70-812B-4D0503B36CE9}") = "prog 122I", "prog 122I\prog 122I.pyproj", "{5EA9B201-424E-4E06-BAE1-01C338CC22CF}"
EndProject
Global
	GlobalSection(SolutionConfigurationPlatforms) = preSolution
		Debug|Any CPU = Debug|Any CPU
		Release|Any CPU = Release|Any CPU
	EndGlobalSection
	GlobalSection(ProjectConfigurationPlatforms) = postSolution
		{5EA9B201-424E-4E06-BAE1-01C338CC22CF}.Debug|Any CPU.Build.0 = Debug|Any CPU
		{5EA9B201-424E-4E06-BAE1-01C338CC22CF}.Debug|Any CPU.ActiveCfg = Debug|Any CPU
		{5EA9B201-424E-4E06-BAE1-01C338CC22CF}.Release|Any CPU.Build.0 = Release|Any CPU
		{5EA9B201-424E-4E06-BAE1-01C338CC22CF}.Release|Any CPU.ActiveCfg = Release|Any CPU
	EndGlobalSection
EndGlobal
