
Microsoft Visual Studio Solution File, Format Version 11.00
# Visual Studio 2010
# SharpDevelop 4.4
Project("{FD48973F-F585-4F70-812B-4D0503B36CE9}") = "lang 152b", "lang 152b\lang 152b.pyproj", "{8A8F2A89-A537-475A-A950-AF05CC77991B}"
EndProject
Global
	GlobalSection(SolutionConfigurationPlatforms) = preSolution
		Debug|Any CPU = Debug|Any CPU
		Release|Any CPU = Release|Any CPU
	EndGlobalSection
	GlobalSection(ProjectConfigurationPlatforms) = postSolution
		{8A8F2A89-A537-475A-A950-AF05CC77991B}.Debug|Any CPU.Build.0 = Debug|Any CPU
		{8A8F2A89-A537-475A-A950-AF05CC77991B}.Debug|Any CPU.ActiveCfg = Debug|Any CPU
		{8A8F2A89-A537-475A-A950-AF05CC77991B}.Release|Any CPU.Build.0 = Release|Any CPU
		{8A8F2A89-A537-475A-A950-AF05CC77991B}.Release|Any CPU.ActiveCfg = Release|Any CPU
	EndGlobalSection
EndGlobal
