
Microsoft Visual Studio Solution File, Format Version 11.00
# Visual Studio 2010
# SharpDevelop 4.4
Project("{FD48973F-F585-4F70-812B-4D0503B36CE9}") = "prog 162b", "prog 162b\prog 162b.pyproj", "{B66117CC-4839-4FD7-89B2-54340568A9F1}"
EndProject
Global
	GlobalSection(SolutionConfigurationPlatforms) = preSolution
		Debug|Any CPU = Debug|Any CPU
		Release|Any CPU = Release|Any CPU
	EndGlobalSection
	GlobalSection(ProjectConfigurationPlatforms) = postSolution
		{B66117CC-4839-4FD7-89B2-54340568A9F1}.Debug|Any CPU.Build.0 = Debug|Any CPU
		{B66117CC-4839-4FD7-89B2-54340568A9F1}.Debug|Any CPU.ActiveCfg = Debug|Any CPU
		{B66117CC-4839-4FD7-89B2-54340568A9F1}.Release|Any CPU.Build.0 = Release|Any CPU
		{B66117CC-4839-4FD7-89B2-54340568A9F1}.Release|Any CPU.ActiveCfg = Release|Any CPU
	EndGlobalSection
EndGlobal
