
Microsoft Visual Studio Solution File, Format Version 11.00
# Visual Studio 2010
# SharpDevelop 4.4
Project("{FD48973F-F585-4F70-812B-4D0503B36CE9}") = "lang 85h", "lang 85h\lang 85h.pyproj", "{9BD92FBA-3B65-40CA-BFC2-0CBBD4A226A2}"
EndProject
Global
	GlobalSection(SolutionConfigurationPlatforms) = preSolution
		Debug|Any CPU = Debug|Any CPU
		Release|Any CPU = Release|Any CPU
	EndGlobalSection
	GlobalSection(ProjectConfigurationPlatforms) = postSolution
		{9BD92FBA-3B65-40CA-BFC2-0CBBD4A226A2}.Debug|Any CPU.Build.0 = Debug|Any CPU
		{9BD92FBA-3B65-40CA-BFC2-0CBBD4A226A2}.Debug|Any CPU.ActiveCfg = Debug|Any CPU
		{9BD92FBA-3B65-40CA-BFC2-0CBBD4A226A2}.Release|Any CPU.Build.0 = Release|Any CPU
		{9BD92FBA-3B65-40CA-BFC2-0CBBD4A226A2}.Release|Any CPU.ActiveCfg = Release|Any CPU
	EndGlobalSection
EndGlobal
