
Microsoft Visual Studio Solution File, Format Version 11.00
# Visual Studio 2010
# SharpDevelop 4.4
Project("{FD48973F-F585-4F70-812B-4D0503B36CE9}") = "prog_52a", "prog_52a\prog_52a.pyproj", "{92ABB3DB-5C53-4DD9-A1C6-E0B3C40B3530}"
EndProject
Global
	GlobalSection(SolutionConfigurationPlatforms) = preSolution
		Debug|Any CPU = Debug|Any CPU
		Release|Any CPU = Release|Any CPU
	EndGlobalSection
	GlobalSection(ProjectConfigurationPlatforms) = postSolution
		{92ABB3DB-5C53-4DD9-A1C6-E0B3C40B3530}.Debug|Any CPU.Build.0 = Debug|Any CPU
		{92ABB3DB-5C53-4DD9-A1C6-E0B3C40B3530}.Debug|Any CPU.ActiveCfg = Debug|Any CPU
		{92ABB3DB-5C53-4DD9-A1C6-E0B3C40B3530}.Release|Any CPU.Build.0 = Release|Any CPU
		{92ABB3DB-5C53-4DD9-A1C6-E0B3C40B3530}.Release|Any CPU.ActiveCfg = Release|Any CPU
	EndGlobalSection
EndGlobal
