
Microsoft Visual Studio Solution File, Format Version 11.00
# Visual Studio 2010
# SharpDevelop 4.4
Project("{FD48973F-F585-4F70-812B-4D0503B36CE9}") = "pro 122d", "pro 122d\pro 122d.pyproj", "{328AF91B-84C5-4E28-A4CC-89A830C2CC7A}"
EndProject
Global
	GlobalSection(SolutionConfigurationPlatforms) = preSolution
		Debug|Any CPU = Debug|Any CPU
		Release|Any CPU = Release|Any CPU
	EndGlobalSection
	GlobalSection(ProjectConfigurationPlatforms) = postSolution
		{328AF91B-84C5-4E28-A4CC-89A830C2CC7A}.Debug|Any CPU.Build.0 = Debug|Any CPU
		{328AF91B-84C5-4E28-A4CC-89A830C2CC7A}.Debug|Any CPU.ActiveCfg = Debug|Any CPU
		{328AF91B-84C5-4E28-A4CC-89A830C2CC7A}.Release|Any CPU.Build.0 = Release|Any CPU
		{328AF91B-84C5-4E28-A4CC-89A830C2CC7A}.Release|Any CPU.ActiveCfg = Release|Any CPU
	EndGlobalSection
EndGlobal
