
Microsoft Visual Studio Solution File, Format Version 11.00
# Visual Studio 2010
# SharpDevelop 4.4
Project("{FD48973F-F585-4F70-812B-4D0503B36CE9}") = "Quote", "Quote\Quote.pyproj", "{A8F02DF4-F7E8-4AB7-A116-FF710AC844EE}"
EndProject
Global
	GlobalSection(SolutionConfigurationPlatforms) = preSolution
		Debug|Any CPU = Debug|Any CPU
		Release|Any CPU = Release|Any CPU
	EndGlobalSection
	GlobalSection(ProjectConfigurationPlatforms) = postSolution
		{A8F02DF4-F7E8-4AB7-A116-FF710AC844EE}.Debug|Any CPU.Build.0 = Debug|Any CPU
		{A8F02DF4-F7E8-4AB7-A116-FF710AC844EE}.Debug|Any CPU.ActiveCfg = Debug|Any CPU
		{A8F02DF4-F7E8-4AB7-A116-FF710AC844EE}.Release|Any CPU.Build.0 = Release|Any CPU
		{A8F02DF4-F7E8-4AB7-A116-FF710AC844EE}.Release|Any CPU.ActiveCfg = Release|Any CPU
	EndGlobalSection
EndGlobal
