
Microsoft Visual Studio Solution File, Format Version 11.00
# Visual Studio 2010
# SharpDevelop 4.4
Project("{FD48973F-F585-4F70-812B-4D0503B36CE9}") = "Name", "Name\Name.pyproj", "{FADD1439-80F4-4EBD-80D1-1F901188788E}"
EndProject
Global
	GlobalSection(SolutionConfigurationPlatforms) = preSolution
		Debug|Any CPU = Debug|Any CPU
		Release|Any CPU = Release|Any CPU
	EndGlobalSection
	GlobalSection(ProjectConfigurationPlatforms) = postSolution
		{FADD1439-80F4-4EBD-80D1-1F901188788E}.Debug|Any CPU.Build.0 = Debug|Any CPU
		{FADD1439-80F4-4EBD-80D1-1F901188788E}.Debug|Any CPU.ActiveCfg = Debug|Any CPU
		{FADD1439-80F4-4EBD-80D1-1F901188788E}.Release|Any CPU.Build.0 = Release|Any CPU
		{FADD1439-80F4-4EBD-80D1-1F901188788E}.Release|Any CPU.ActiveCfg = Release|Any CPU
	EndGlobalSection
EndGlobal
