
Microsoft Visual Studio Solution File, Format Version 11.00
# Visual Studio 2010
# SharpDevelop 4.4
Project("{FD48973F-F585-4F70-812B-4D0503B36CE9}") = "LETS GO GAMBLING", "LETS GO GAMBLING\LETS GO GAMBLING.pyproj", "{84DC2B70-AFC5-4656-97E9-1895D9DA2F8F}"
EndProject
Global
	GlobalSection(SolutionConfigurationPlatforms) = preSolution
		Debug|Any CPU = Debug|Any CPU
		Release|Any CPU = Release|Any CPU
	EndGlobalSection
	GlobalSection(ProjectConfigurationPlatforms) = postSolution
		{84DC2B70-AFC5-4656-97E9-1895D9DA2F8F}.Debug|Any CPU.Build.0 = Debug|Any CPU
		{84DC2B70-AFC5-4656-97E9-1895D9DA2F8F}.Debug|Any CPU.ActiveCfg = Debug|Any CPU
		{84DC2B70-AFC5-4656-97E9-1895D9DA2F8F}.Release|Any CPU.Build.0 = Release|Any CPU
		{84DC2B70-AFC5-4656-97E9-1895D9DA2F8F}.Release|Any CPU.ActiveCfg = Release|Any CPU
	EndGlobalSection
EndGlobal
