
Microsoft Visual Studio Solution File, Format Version 11.00
# Visual Studio 2010
# SharpDevelop 4.4
Project("{FD48973F-F585-4F70-812B-4D0503B36CE9}") = "FAVORITE_SPORT", "FAVORITE_SPORT\FAVORITE_SPORT.pyproj", "{A566A172-A0A1-4726-B8D8-6C98D300E8B0}"
EndProject
Global
	GlobalSection(SolutionConfigurationPlatforms) = preSolution
		Debug|Any CPU = Debug|Any CPU
		Release|Any CPU = Release|Any CPU
	EndGlobalSection
	GlobalSection(ProjectConfigurationPlatforms) = postSolution
		{A566A172-A0A1-4726-B8D8-6C98D300E8B0}.Debug|Any CPU.Build.0 = Debug|Any CPU
		{A566A172-A0A1-4726-B8D8-6C98D300E8B0}.Debug|Any CPU.ActiveCfg = Debug|Any CPU
		{A566A172-A0A1-4726-B8D8-6C98D300E8B0}.Release|Any CPU.Build.0 = Release|Any CPU
		{A566A172-A0A1-4726-B8D8-6C98D300E8B0}.Release|Any CPU.ActiveCfg = Release|Any CPU
	EndGlobalSection
EndGlobal
